# THIS IS AN AUTOGENERATED FILE. DO NOT EDIT THIS FILE DIRECTLY.
# yarn lockfile v1


"@types/estree@0.0.39":
  version "0.0.39"
  resolved "https://registry.yarnpkg.com/@types/estree/-/estree-0.0.39.tgz#e177e699ee1b8c22d23174caaa7422644389509f"
  integrity sha512-EYNwp3bU+98cpU4lAWYYL7Zz+2gryWH1qbdDTidVd6hkiR6weksdbMadyXKXNPEkQFhXM+hVO9ZygomHXp+AIw==

"@types/node@*":
  version "10.11.6"
  resolved "https://registry.yarnpkg.com/@types/node/-/node-10.11.6.tgz#ce5690df6cd917a9178439a1013e39a7e565c46e"
  integrity sha512-fnA7yvqg3oKQDb3skBif9w5RRKVKAaeKeNuLzZL37XcSiWL4IoSXQnnbchR3UnBu2EMLHBip7ZVEkqoIVBP8QQ==

magic-string@^0.25.1:
  version "0.25.1"
  resolved "https://registry.yarnpkg.com/magic-string/-/magic-string-0.25.1.tgz#b1c248b399cd7485da0fe7385c2fc7011843266e"
  integrity sha512-sCuTz6pYom8Rlt4ISPFn6wuFodbKMIHUMv4Qko9P17dpxb7s52KJTmRuZZqHdGmLCK9AOcDare039nRIcfdkEg==
  dependencies:
    sourcemap-codec "^1.4.1"

rollup@^0.66.5:
  version "0.66.5"
  resolved "https://registry.yarnpkg.com/rollup/-/rollup-0.66.5.tgz#49b109d3db4772301d84b8ed9617a4481e9a8042"
  integrity sha512-tFdxC5zOynOS3fUHkJmKk9QjRWVLXxDCUVDmpoZazubxgXZmS/XzrlzhwuOKPelJm92Hd4hmXIqkzVN22Isf+w==
  dependencies:
    "@types/estree" "0.0.39"
    "@types/node" "*"

sourcemap-codec@^1.4.1:
  version "1.4.3"
  resolved "https://registry.yarnpkg.com/sourcemap-codec/-/sourcemap-codec-1.4.3.tgz#0ba615b73ec35112f63c2f2d9e7c3f87282b0e33"
  integrity sha512-vFrY/x/NdsD7Yc8mpTJXuao9S8lq08Z/kOITHz6b7YbfI9xL8Spe5EvSQUHOI7SbpY8bRPr0U3kKSsPuqEGSfA==

tslib@^1.9.3:
  version "1.9.3"
  resolved "https://registry.yarnpkg.com/tslib/-/tslib-1.9.3.tgz#d7e4dd79245d85428c4d7e4822a79917954ca286"
  integrity sha512-4krF8scpejhaOgqzBEcGM7yDIEfi0/8+8zDRZhNZZ2kjmHJ4hv3zCbQWxoJGz1iw5U0Jl0nma13xzHXcncMavQ==

typescript@^3.1.2:
  version "3.1.2"
  resolved "https://registry.yarnpkg.com/typescript/-/typescript-3.1.2.tgz#c03a5d16f30bb60ad8bb6fe8e7cb212eedeec950"
  integrity sha512-gOoGJWbNnFAfP9FlrSV63LYD5DJqYJHG5ky1kOXSl3pCImn4rqWy/flyq1BRd4iChQsoCqjbQaqtmXO4yCVPCA==
